// !$*UTF8*$!
{
	archiveVersion = 1;
	classes = {
	};
	objectVersion = 46;
	objects = {

/* Begin PBXBuildFile section */
		B203CE2B1CB359DC009EC849 /* events.plist in Resources */ = {isa = PBXBuildFile; fileRef = B203CE2A1CB359DC009EC849 /* events.plist */; };
		B249DEFE1CAF93020034BB08 /* AppDelegate.swift in Sources */ = {isa = PBXBuildFile; fileRef = B249DEFD1CAF93020034BB08 /* AppDelegate.swift */; };
		B249DF051CAF93020034BB08 /* Main.storyboard in Resources */ = {isa = PBXBuildFile; fileRef = B249DF031CAF93020034BB08 /* Main.storyboard */; };
		B249DF071CAF93020034BB08 /* Assets.xcassets in Resources */ = {isa = PBXBuildFile; fileRef = B249DF061CAF93020034BB08 /* Assets.xcassets */; };
		B249DF0A1CAF93020034BB08 /* LaunchScreen.storyboard in Resources */ = {isa = PBXBuildFile; fileRef = B249DF081CAF93020034BB08 /* LaunchScreen.storyboard */; };
		B249DF151CAF93020034BB08 /* TabNavigationTests.swift in Sources */ = {isa = PBXBuildFile; fileRef = B249DF141CAF93020034BB08 /* TabNavigationTests.swift */; };
		B249DF201CAF93020034BB08 /* TabNavigationUITests.swift in Sources */ = {isa = PBXBuildFile; fileRef = B249DF1F1CAF93020034BB08 /* TabNavigationUITests.swift */; };
		B253BF4D1CB2C575006B136E /* bubble.png in Resources */ = {isa = PBXBuildFile; fileRef = B253BF3F1CB2C575006B136E /* bubble.png */; };
		B253BF4E1CB2C575006B136E /* button.png in Resources */ = {isa = PBXBuildFile; fileRef = B253BF401CB2C575006B136E /* button.png */; };
		B253BF4F1CB2C575006B136E /* home.png in Resources */ = {isa = PBXBuildFile; fileRef = B253BF411CB2C575006B136E /* home.png */; };
		B253BF501CB2C575006B136E /* lighting.png in Resources */ = {isa = PBXBuildFile; fileRef = B253BF421CB2C575006B136E /* lighting.png */; };
		B253BF511CB2C575006B136E /* list.png in Resources */ = {isa = PBXBuildFile; fileRef = B253BF431CB2C575006B136E /* list.png */; };
		B253BF521CB2C575006B136E /* list1.png in Resources */ = {isa = PBXBuildFile; fileRef = B253BF441CB2C575006B136E /* list1.png */; };
		B253BF531CB2C575006B136E /* male.png in Resources */ = {isa = PBXBuildFile; fileRef = B253BF451CB2C575006B136E /* male.png */; };
		B253BF541CB2C575006B136E /* message.png in Resources */ = {isa = PBXBuildFile; fileRef = B253BF461CB2C575006B136E /* message.png */; };
		B253BF551CB2C575006B136E /* messager.png in Resources */ = {isa = PBXBuildFile; fileRef = B253BF471CB2C575006B136E /* messager.png */; };
		B253BF561CB2C575006B136E /* pgs.png in Resources */ = {isa = PBXBuildFile; fileRef = B253BF481CB2C575006B136E /* pgs.png */; };
		B253BF571CB2C575006B136E /* sale.png in Resources */ = {isa = PBXBuildFile; fileRef = B253BF491CB2C575006B136E /* sale.png */; };
		B253BF581CB2C575006B136E /* setting.png in Resources */ = {isa = PBXBuildFile; fileRef = B253BF4A1CB2C575006B136E /* setting.png */; };
		B253BF591CB2C575006B136E /* share.png in Resources */ = {isa = PBXBuildFile; fileRef = B253BF4B1CB2C575006B136E /* share.png */; };
		B253BF5A1CB2C575006B136E /* shop.png in Resources */ = {isa = PBXBuildFile; fileRef = B253BF4C1CB2C575006B136E /* shop.png */; };
		B28C6FB11CB5742200DA45D0 /* ViewController.swift in Sources */ = {isa = PBXBuildFile; fileRef = B28C6FB01CB5742200DA45D0 /* ViewController.swift */; };
		B28C6FB31CB5743C00DA45D0 /* colvwCell.swift in Sources */ = {isa = PBXBuildFile; fileRef = B28C6FB21CB5743C00DA45D0 /* colvwCell.swift */; };
		B28FBB051CB7833D00D96314 /* people.png in Resources */ = {isa = PBXBuildFile; fileRef = B28FBB041CB7833D00D96314 /* people.png */; };
		B28FBB071CB7834300D96314 /* 1_cog_gear_monotone_settings_16px_406_easyicon.net.png in Resources */ = {isa = PBXBuildFile; fileRef = B28FBB061CB7834300D96314 /* 1_cog_gear_monotone_settings_16px_406_easyicon.net.png */; };
		B28FBB091CB783D900D96314 /* person.png in Resources */ = {isa = PBXBuildFile; fileRef = B28FBB081CB783D900D96314 /* person.png */; };
		B28FBB0B1CB7846B00D96314 /* backgroud.jpg in Resources */ = {isa = PBXBuildFile; fileRef = B28FBB0A1CB7846B00D96314 /* backgroud.jpg */; };
		B28FBB0D1CB784C800D96314 /* setting_72px_1160206_easyicon.net.png in Resources */ = {isa = PBXBuildFile; fileRef = B28FBB0C1CB784C800D96314 /* setting_72px_1160206_easyicon.net.png */; };
		B2EEA9EC1CB02C2A0020D8C4 /* IndexViewController.swift in Sources */ = {isa = PBXBuildFile; fileRef = B2EEA9EB1CB02C2A0020D8C4 /* IndexViewController.swift */; };
		B2EEA9EE1CB02C510020D8C4 /* MarketViewController.swift in Sources */ = {isa = PBXBuildFile; fileRef = B2EEA9ED1CB02C510020D8C4 /* MarketViewController.swift */; };
		B2EEA9F01CB02C6D0020D8C4 /* ListViewController.swift in Sources */ = {isa = PBXBuildFile; fileRef = B2EEA9EF1CB02C6D0020D8C4 /* ListViewController.swift */; };
		B2EEA9F21CB02C740020D8C4 /* MineViewController.swift in Sources */ = {isa = PBXBuildFile; fileRef = B2EEA9F11CB02C740020D8C4 /* MineViewController.swift */; };
/* End PBXBuildFile section */

/* Begin PBXContainerItemProxy section */
		B249DF111CAF93020034BB08 /* PBXContainerItemProxy */ = {
			isa = PBXContainerItemProxy;
			containerPortal = B249DEF21CAF93010034BB08 /* Project object */;
			proxyType = 1;
			remoteGlobalIDString = B249DEF91CAF93010034BB08;
			remoteInfo = TabNavigation;
		};
		B249DF1C1CAF93020034BB08 /* PBXContainerItemProxy */ = {
			isa = PBXContainerItemProxy;
			containerPortal = B249DEF21CAF93010034BB08 /* Project object */;
			proxyType = 1;
			remoteGlobalIDString = B249DEF91CAF93010034BB08;
			remoteInfo = TabNavigation;
		};
/* End PBXContainerItemProxy section */

/* Begin PBXFileReference section */
		B203CE2A1CB359DC009EC849 /* events.plist */ = {isa = PBXFileReference; fileEncoding = 4; lastKnownFileType = text.plist.xml; path = events.plist; sourceTree = "<group>"; };
		B249DEFA1CAF93010034BB08 /* TabNavigation.app */ = {isa = PBXFileReference; explicitFileType = wrapper.application; includeInIndex = 0; path = TabNavigation.app; sourceTree = BUILT_PRODUCTS_DIR; };
		B249DEFD1CAF93020034BB08 /* AppDelegate.swift */ = {isa = PBXFileReference; lastKnownFileType = sourcecode.swift; path = AppDelegate.swift; sourceTree = "<group>"; };
		B249DF041CAF93020034BB08 /* Base */ = {isa = PBXFileReference; lastKnownFileType = file.storyboard; name = Base; path = Base.lproj/Main.storyboard; sourceTree = "<group>"; };
		B249DF061CAF93020034BB08 /* Assets.xcassets */ = {isa = PBXFileReference; lastKnownFileType = folder.assetcatalog; path = Assets.xcassets; sourceTree = "<group>"; };
		B249DF091CAF93020034BB08 /* Base */ = {isa = PBXFileReference; lastKnownFileType = file.storyboard; name = Base; path = Base.lproj/LaunchScreen.storyboard; sourceTree = "<group>"; };
		B249DF0B1CAF93020034BB08 /* Info.plist */ = {isa = PBXFileReference; lastKnownFileType = text.plist.xml; path = Info.plist; sourceTree = "<group>"; };
		B249DF101CAF93020034BB08 /* TabNavigationTests.xctest */ = {isa = PBXFileReference; explicitFileType = wrapper.cfbundle; includeInIndex = 0; path = TabNavigationTests.xctest; sourceTree = BUILT_PRODUCTS_DIR; };
		B249DF141CAF93020034BB08 /* TabNavigationTests.swift */ = {isa = PBXFileReference; lastKnownFileType = sourcecode.swift; path = TabNavigationTests.swift; sourceTree = "<group>"; };
		B249DF161CAF93020034BB08 /* Info.plist */ = {isa = PBXFileReference; lastKnownFileType = text.plist.xml; path = Info.plist; sourceTree = "<group>"; };
		B249DF1B1CAF93020034BB08 /* TabNavigationUITests.xctest */ = {isa = PBXFileReference; explicitFileType = wrapper.cfbundle; includeInIndex = 0; path = TabNavigationUITests.xctest; sourceTree = BUILT_PRODUCTS_DIR; };
		B249DF1F1CAF93020034BB08 /* TabNavigationUITests.swift */ = {isa = PBXFileReference; lastKnownFileType = sourcecode.swift; path = TabNavigationUITests.swift; sourceTree = "<group>"; };
		B249DF211CAF93020034BB08 /* Info.plist */ = {isa = PBXFileReference; lastKnownFileType = text.plist.xml; path = Info.plist; sourceTree = "<group>"; };
		B253BF3F1CB2C575006B136E /* bubble.png */ = {isa = PBXFileReference; lastKnownFileType = image.png; path = bubble.png; sourceTree = "<group>"; };
		B253BF401CB2C575006B136E /* button.png */ = {isa = PBXFileReference; lastKnownFileType = image.png; path = button.png; sourceTree = "<group>"; };
		B253BF411CB2C575006B136E /* home.png */ = {isa = PBXFileReference; lastKnownFileType = image.png; path = home.png; sourceTree = "<group>"; };
		B253BF421CB2C575006B136E /* lighting.png */ = {isa = PBXFileReference; lastKnownFileType = image.png; path = lighting.png; sourceTree = "<group>"; };
		B253BF431CB2C575006B136E /* list.png */ = {isa = PBXFileReference; lastKnownFileType = image.png; path = list.png; sourceTree = "<group>"; };
		B253BF441CB2C575006B136E /* list1.png */ = {isa = PBXFileReference; lastKnownFileType = image.png; path = list1.png; sourceTree = "<group>"; };
		B253BF451CB2C575006B136E /* male.png */ = {isa = PBXFileReference; lastKnownFileType = image.png; path = male.png; sourceTree = "<group>"; };
		B253BF461CB2C575006B136E /* message.png */ = {isa = PBXFileReference; lastKnownFileType = image.png; path = message.png; sourceTree = "<group>"; };
		B253BF471CB2C575006B136E /* messager.png */ = {isa = PBXFileReference; lastKnownFileType = image.png; path = messager.png; sourceTree = "<group>"; };
		B253BF481CB2C575006B136E /* pgs.png */ = {isa = PBXFileReference; lastKnownFileType = image.png; path = pgs.png; sourceTree = "<group>"; };
		B253BF491CB2C575006B136E /* sale.png */ = {isa = PBXFileReference; lastKnownFileType = image.png; path = sale.png; sourceTree = "<group>"; };
		B253BF4A1CB2C575006B136E /* setting.png */ = {isa = PBXFileReference; lastKnownFileType = image.png; path = setting.png; sourceTree = "<group>"; };
		B253BF4B1CB2C575006B136E /* share.png */ = {isa = PBXFileReference; lastKnownFileType = image.png; path = share.png; sourceTree = "<group>"; };
		B253BF4C1CB2C575006B136E /* shop.png */ = {isa = PBXFileReference; lastKnownFileType = image.png; path = shop.png; sourceTree = "<group>"; };
		B28C6FB01CB5742200DA45D0 /* ViewController.swift */ = {isa = PBXFileReference; fileEncoding = 4; lastKnownFileType = sourcecode.swift; path = ViewController.swift; sourceTree = "<group>"; };
		B28C6FB21CB5743C00DA45D0 /* colvwCell.swift */ = {isa = PBXFileReference; fileEncoding = 4; lastKnownFileType = sourcecode.swift; path = colvwCell.swift; sourceTree = "<group>"; };
		B28FBB041CB7833D00D96314 /* people.png */ = {isa = PBXFileReference; lastKnownFileType = image.png; path = people.png; sourceTree = "<group>"; };
		B28FBB061CB7834300D96314 /* 1_cog_gear_monotone_settings_16px_406_easyicon.net.png */ = {isa = PBXFileReference; lastKnownFileType = image.png; path = 1_cog_gear_monotone_settings_16px_406_easyicon.net.png; sourceTree = "<group>"; };
		B28FBB081CB783D900D96314 /* person.png */ = {isa = PBXFileReference; lastKnownFileType = image.png; path = person.png; sourceTree = "<group>"; };
		B28FBB0A1CB7846B00D96314 /* backgroud.jpg */ = {isa = PBXFileReference; lastKnownFileType = image.jpeg; path = backgroud.jpg; sourceTree = "<group>"; };
		B28FBB0C1CB784C800D96314 /* setting_72px_1160206_easyicon.net.png */ = {isa = PBXFileReference; lastKnownFileType = image.png; path = setting_72px_1160206_easyicon.net.png; sourceTree = "<group>"; };
		B2EEA9EB1CB02C2A0020D8C4 /* IndexViewController.swift */ = {isa = PBXFileReference; fileEncoding = 4; lastKnownFileType = sourcecode.swift; name = IndexViewController.swift; path = ../IndexViewController.swift; sourceTree = "<group>"; };
		B2EEA9ED1CB02C510020D8C4 /* MarketViewController.swift */ = {isa = PBXFileReference; fileEncoding = 4; lastKnownFileType = sourcecode.swift; name = MarketViewController.swift; path = ../MarketViewController.swift; sourceTree = "<group>"; };
		B2EEA9EF1CB02C6D0020D8C4 /* ListViewController.swift */ = {isa = PBXFileReference; fileEncoding = 4; lastKnownFileType = sourcecode.swift; name = ListViewController.swift; path = ../ListViewController.swift; sourceTree = "<group>"; };
		B2EEA9F11CB02C740020D8C4 /* MineViewController.swift */ = {isa = PBXFileReference; fileEncoding = 4; lastKnownFileType = sourcecode.swift; name = MineViewController.swift; path = ../MineViewController.swift; sourceTree = "<group>"; };
/* End PBXFileReference section */

/* Begin PBXFrameworksBuildPhase section */
		B249DEF71CAF93010034BB08 /* Frameworks */ = {
			isa = PBXFrameworksBuildPhase;
			buildActionMask = 2147483647;
			files = (
			);
			runOnlyForDeploymentPostprocessing = 0;
		};
		B249DF0D1CAF93020034BB08 /* Frameworks */ = {
			isa = PBXFrameworksBuildPhase;
			buildActionMask = 2147483647;
			files = (
			);
			runOnlyForDeploymentPostprocessing = 0;
		};
		B249DF181CAF93020034BB08 /* Frameworks */ = {
			isa = PBXFrameworksBuildPhase;
			buildActionMask = 2147483647;
			files = (
			);
			runOnlyForDeploymentPostprocessing = 0;
		};
/* End PBXFrameworksBuildPhase section */

/* Begin PBXGroup section */
		B249DEF11CAF93010034BB08 = {
			isa = PBXGroup;
			children = (
				B253BF3E1CB2C575006B136E /* icon */,
				B249DEFC1CAF93020034BB08 /* TabNavigation */,
				B249DF131CAF93020034BB08 /* TabNavigationTests */,
				B249DF1E1CAF93020034BB08 /* TabNavigationUITests */,
				B249DEFB1CAF93010034BB08 /* Products */,
			);
			sourceTree = "<group>";
		};
		B249DEFB1CAF93010034BB08 /* Products */ = {
			isa = PBXGroup;
			children = (
				B249DEFA1CAF93010034BB08 /* TabNavigation.app */,
				B249DF101CAF93020034BB08 /* TabNavigationTests.xctest */,
				B249DF1B1CAF93020034BB08 /* TabNavigationUITests.xctest */,
			);
			name = Products;
			sourceTree = "<group>";
		};
		B249DEFC1CAF93020034BB08 /* TabNavigation */ = {
			isa = PBXGroup;
			children = (
				B2EEA9EB1CB02C2A0020D8C4 /* IndexViewController.swift */,
				B2EEA9ED1CB02C510020D8C4 /* MarketViewController.swift */,
				B2EEA9EF1CB02C6D0020D8C4 /* ListViewController.swift */,
				B2EEA9F11CB02C740020D8C4 /* MineViewController.swift */,
				B249DEFD1CAF93020034BB08 /* AppDelegate.swift */,
				B249DF031CAF93020034BB08 /* Main.storyboard */,
				B28C6FB01CB5742200DA45D0 /* ViewController.swift */,
				B28C6FB21CB5743C00DA45D0 /* colvwCell.swift */,
				B249DF061CAF93020034BB08 /* Assets.xcassets */,
				B249DF081CAF93020034BB08 /* LaunchScreen.storyboard */,
				B203CE2A1CB359DC009EC849 /* events.plist */,
				B249DF0B1CAF93020034BB08 /* Info.plist */,
			);
			path = TabNavigation;
			sourceTree = "<group>";
		};
		B249DF131CAF93020034BB08 /* TabNavigationTests */ = {
			isa = PBXGroup;
			children = (
				B249DF141CAF93020034BB08 /* TabNavigationTests.swift */,
				B249DF161CAF93020034BB08 /* Info.plist */,
			);
			path = TabNavigationTests;
			sourceTree = "<group>";
		};
		B249DF1E1CAF93020034BB08 /* TabNavigationUITests */ = {
			isa = PBXGroup;
			children = (
				B249DF1F1CAF93020034BB08 /* TabNavigationUITests.swift */,
				B249DF211CAF93020034BB08 /* Info.plist */,
			);
			path = TabNavigationUITests;
			sourceTree = "<group>";
		};
		B253BF3E1CB2C575006B136E /* icon */ = {
			isa = PBXGroup;
			children = (
				B253BF3F1CB2C575006B136E /* bubble.png */,
				B253BF401CB2C575006B136E /* button.png */,
				B253BF411CB2C575006B136E /* home.png */,
				B253BF421CB2C575006B136E /* lighting.png */,
				B253BF431CB2C575006B136E /* list.png */,
				B253BF441CB2C575006B136E /* list1.png */,
				B253BF451CB2C575006B136E /* male.png */,
				B253BF461CB2C575006B136E /* message.png */,
				B253BF471CB2C575006B136E /* messager.png */,
				B28FBB0C1CB784C800D96314 /* setting_72px_1160206_easyicon.net.png */,
				B28FBB041CB7833D00D96314 /* people.png */,
				B28FBB0A1CB7846B00D96314 /* backgroud.jpg */,
				B28FBB081CB783D900D96314 /* person.png */,
				B28FBB061CB7834300D96314 /* 1_cog_gear_monotone_settings_16px_406_easyicon.net.png */,
				B253BF481CB2C575006B136E /* pgs.png */,
				B253BF491CB2C575006B136E /* sale.png */,
				B253BF4A1CB2C575006B136E /* setting.png */,
				B253BF4B1CB2C575006B136E /* share.png */,
				B253BF4C1CB2C575006B136E /* shop.png */,
			);
			name = icon;
			path = TabNavigation/icon;
			sourceTree = "<group>";
		};
/* End PBXGroup section */

/* Begin PBXNativeTarget section */
		B249DEF91CAF93010034BB08 /* TabNavigation */ = {
			isa = PBXNativeTarget;
			buildConfigurationList = B249DF241CAF93020034BB08 /* Build configuration list for PBXNativeTarget "TabNavigation" */;
			buildPhases = (
				B249DEF61CAF93010034BB08 /* Sources */,
				B249DEF71CAF93010034BB08 /* Frameworks */,
				B249DEF81CAF93010034BB08 /* Resources */,
			);
			buildRules = (
			);
			dependencies = (
			);
			name = TabNavigation;
			productName = TabNavigation;
			productReference = B249DEFA1CAF93010034BB08 /* TabNavigation.app */;
			productType = "com.apple.product-type.application";
		};
		B249DF0F1CAF93020034BB08 /* TabNavigationTests */ = {
			isa = PBXNativeTarget;
			buildConfigurationList = B249DF271CAF93020034BB08 /* Build configuration list for PBXNativeTarget "TabNavigationTests" */;
			buildPhases = (
				B249DF0C1CAF93020034BB08 /* Sources */,
				B249DF0D1CAF93020034BB08 /* Frameworks */,
				B249DF0E1CAF93020034BB08 /* Resources */,
			);
			buildRules = (
			);
			dependencies = (
				B249DF121CAF93020034BB08 /* PBXTargetDependency */,
			);
			name = TabNavigationTests;
			productName = TabNavigationTests;
			productReference = B249DF101CAF93020034BB08 /* TabNavigationTests.xctest */;
			productType = "com.apple.product-type.bundle.unit-test";
		};
		B249DF1A1CAF93020034BB08 /* TabNavigationUITests */ = {
			isa = PBXNativeTarget;
			buildConfigurationList = B249DF2A1CAF93020034BB08 /* Build configuration list for PBXNativeTarget "TabNavigationUITests" */;
			buildPhases = (
				B249DF171CAF93020034BB08 /* Sources */,
				B249DF181CAF93020034BB08 /* Frameworks */,
				B249DF191CAF93020034BB08 /* Resources */,
			);
			buildRules = (
			);
			dependencies = (
				B249DF1D1CAF93020034BB08 /* PBXTargetDependency */,
			);
			name = TabNavigationUITests;
			productName = TabNavigationUITests;
			productReference = B249DF1B1CAF93020034BB08 /* TabNavigationUITests.xctest */;
			productType = "com.apple.product-type.bundle.ui-testing";
		};
/* End PBXNativeTarget section */

/* Begin PBXProject section */
		B249DEF21CAF93010034BB08 /* Project object */ = {
			isa = PBXProject;
			attributes = {
				LastSwiftUpdateCheck = 0730;
				LastUpgradeCheck = 0730;
				ORGANIZATIONNAME = Johnny;
				TargetAttributes = {
					B249DEF91CAF93010034BB08 = {
						CreatedOnToolsVersion = 7.3;
						DevelopmentTeam = Y66FFD46EY;
					};
					B249DF0F1CAF93020034BB08 = {
						CreatedOnToolsVersion = 7.3;
						DevelopmentTeam = Y66FFD46EY;
						TestTargetID = B249DEF91CAF93010034BB08;
					};
					B249DF1A1CAF93020034BB08 = {
						CreatedOnToolsVersion = 7.3;
						DevelopmentTeam = Y66FFD46EY;
						TestTargetID = B249DEF91CAF93010034BB08;
					};
				};
			};
			buildConfigurationList = B249DEF51CAF93010034BB08 /* Build configuration list for PBXProject "TabNavigation" */;
			compatibilityVersion = "Xcode 3.2";
			developmentRegion = English;
			hasScannedForEncodings = 0;
			knownRegions = (
				en,
				Base,
			);
			mainGroup = B249DEF11CAF93010034BB08;
			productRefGroup = B249DEFB1CAF93010034BB08 /* Products */;
			projectDirPath = "";
			projectRoot = "";
			targets = (
				B249DEF91CAF93010034BB08 /* TabNavigation */,
				B249DF0F1CAF93020034BB08 /* TabNavigationTests */,
				B249DF1A1CAF93020034BB08 /* TabNavigationUITests */,
			);
		};
/* End PBXProject section */

/* Begin PBXResourcesBuildPhase section */
		B249DEF81CAF93010034BB08 /* Resources */ = {
			isa = PBXResourcesBuildPhase;
			buildActionMask = 2147483647;
			files = (
				B249DF0A1CAF93020034BB08 /* LaunchScreen.storyboard in Resources */,
				B253BF4E1CB2C575006B136E /* button.png in Resources */,
				B253BF541CB2C575006B136E /* message.png in Resources */,
				B28FBB0B1CB7846B00D96314 /* backgroud.jpg in Resources */,
				B253BF521CB2C575006B136E /* list1.png in Resources */,
				B253BF4F1CB2C575006B136E /* home.png in Resources */,
				B253BF561CB2C575006B136E /* pgs.png in Resources */,
				B28FBB091CB783D900D96314 /* person.png in Resources */,
				B253BF4D1CB2C575006B136E /* bubble.png in Resources */,
				B249DF071CAF93020034BB08 /* Assets.xcassets in Resources */,
				B253BF581CB2C575006B136E /* setting.png in Resources */,
				B28FBB0D1CB784C800D96314 /* setting_72px_1160206_easyicon.net.png in Resources */,
				B253BF571CB2C575006B136E /* sale.png in Resources */,
				B253BF531CB2C575006B136E /* male.png in Resources */,
				B249DF051CAF93020034BB08 /* Main.storyboard in Resources */,
				B28FBB071CB7834300D96314 /* 1_cog_gear_monotone_settings_16px_406_easyicon.net.png in Resources */,
				B253BF5A1CB2C575006B136E /* shop.png in Resources */,
				B253BF501CB2C575006B136E /* lighting.png in Resources */,
				B28FBB051CB7833D00D96314 /* people.png in Resources */,
				B203CE2B1CB359DC009EC849 /* events.plist in Resources */,
				B253BF551CB2C575006B136E /* messager.png in Resources */,
				B253BF511CB2C575006B136E /* list.png in Resources */,
				B253BF591CB2C575006B136E /* share.png in Resources */,
			);
			runOnlyForDeploymentPostprocessing = 0;
		};
		B249DF0E1CAF93020034BB08 /* Resources */ = {
			isa = PBXResourcesBuildPhase;
			buildActionMask = 2147483647;
			files = (
			);
			runOnlyForDeploymentPostprocessing = 0;
		};
		B249DF191CAF93020034BB08 /* Resources */ = {
			isa = PBXResourcesBuildPhase;
			buildActionMask = 2147483647;
			files = (
			);
			runOnlyForDeploymentPostprocessing = 0;
		};
/* End PBXResourcesBuildPhase section */

/* Begin PBXSourcesBuildPhase section */
		B249DEF61CAF93010034BB08 /* Sources */ = {
			isa = PBXSourcesBuildPhase;
			buildActionMask = 2147483647;
			files = (
				B249DEFE1CAF93020034BB08 /* AppDelegate.swift in Sources */,
				B28C6FB11CB5742200DA45D0 /* ViewController.swift in Sources */,
				B2EEA9EE1CB02C510020D8C4 /* MarketViewController.swift in Sources */,
				B2EEA9F01CB02C6D0020D8C4 /* ListViewController.swift in Sources */,
				B2EEA9EC1CB02C2A0020D8C4 /* IndexViewController.swift in Sources */,
				B2EEA9F21CB02C740020D8C4 /* MineViewController.swift in Sources */,
				B28C6FB31CB5743C00DA45D0 /* colvwCell.swift in Sources */,
			);
			runOnlyForDeploymentPostprocessing = 0;
		};
		B249DF0C1CAF93020034BB08 /* Sources */ = {
			isa = PBXSourcesBuildPhase;
			buildActionMask = 2147483647;
			files = (
				B249DF151CAF93020034BB08 /* TabNavigationTests.swift in Sources */,
			);
			runOnlyForDeploymentPostprocessing = 0;
		};
		B249DF171CAF93020034BB08 /* Sources */ = {
			isa = PBXSourcesBuildPhase;
			buildActionMask = 2147483647;
			files = (
				B249DF201CAF93020034BB08 /* TabNavigationUITests.swift in Sources */,
			);
			runOnlyForDeploymentPostprocessing = 0;
		};
/* End PBXSourcesBuildPhase section */

/* Begin PBXTargetDependency section */
		B249DF121CAF93020034BB08 /* PBXTargetDependency */ = {
			isa = PBXTargetDependency;
			target = B249DEF91CAF93010034BB08 /* TabNavigation */;
			targetProxy = B249DF111CAF93020034BB08 /* PBXContainerItemProxy */;
		};
		B249DF1D1CAF93020034BB08 /* PBXTargetDependency */ = {
			isa = PBXTargetDependency;
			target = B249DEF91CAF93010034BB08 /* TabNavigation */;
			targetProxy = B249DF1C1CAF93020034BB08 /* PBXContainerItemProxy */;
		};
/* End PBXTargetDependency section */

/* Begin PBXVariantGroup section */
		B249DF031CAF93020034BB08 /* Main.storyboard */ = {
			isa = PBXVariantGroup;
			children = (
				B249DF041CAF93020034BB08 /* Base */,
			);
			name = Main.storyboard;
			sourceTree = "<group>";
		};
		B249DF081CAF93020034BB08 /* LaunchScreen.storyboard */ = {
			isa = PBXVariantGroup;
			children = (
				B249DF091CAF93020034BB08 /* Base */,
			);
			name = LaunchScreen.storyboard;
			sourceTree = "<group>";
		};
/* End PBXVariantGroup section */

/* Begin XCBuildConfiguration section */
		B249DF221CAF93020034BB08 /* Debug */ = {
			isa = XCBuildConfiguration;
			buildSettings = {
				ALWAYS_SEARCH_USER_PATHS = NO;
				CLANG_ANALYZER_NONNULL = YES;
				CLANG_CXX_LANGUAGE_STANDARD = "gnu++0x";
				CLANG_CXX_LIBRARY = "libc++";
				CLANG_ENABLE_MODULES = YES;
				CLANG_ENABLE_OBJC_ARC = YES;
				CLANG_WARN_BOOL_CONVERSION = YES;
				CLANG_WARN_CONSTANT_CONVERSION = YES;
				CLANG_WARN_DIRECT_OBJC_ISA_USAGE = YES_ERROR;
				CLANG_WARN_EMPTY_BODY = YES;
				CLANG_WARN_ENUM_CONVERSION = YES;
				CLANG_WARN_INT_CONVERSION = YES;
				CLANG_WARN_OBJC_ROOT_CLASS = YES_ERROR;
				CLANG_WARN_UNREACHABLE_CODE = YES;
				CLANG_WARN__DUPLICATE_METHOD_MATCH = YES;
				"CODE_SIGN_IDENTITY[sdk=iphoneos*]" = "iPhone Developer";
				COPY_PHASE_STRIP = NO;
				DEBUG_INFORMATION_FORMAT = dwarf;
				ENABLE_STRICT_OBJC_MSGSEND = YES;
				ENABLE_TESTABILITY = YES;
				GCC_C_LANGUAGE_STANDARD = gnu99;
				GCC_DYNAMIC_NO_PIC = NO;
				GCC_NO_COMMON_BLOCKS = YES;
				GCC_OPTIMIZATION_LEVEL = 0;
				GCC_PREPROCESSOR_DEFINITIONS = (
					"DEBUG=1",
					"$(inherited)",
				);
				GCC_WARN_64_TO_32_BIT_CONVERSION = YES;
				GCC_WARN_ABOUT_RETURN_TYPE = YES_ERROR;
				GCC_WARN_UNDECLARED_SELECTOR = YES;
				GCC_WARN_UNINITIALIZED_AUTOS = YES_AGGRESSIVE;
				GCC_WARN_UNUSED_FUNCTION = YES;
				GCC_WARN_UNUSED_VARIABLE = YES;
				IPHONEOS_DEPLOYMENT_TARGET = 9.3;
				MTL_ENABLE_DEBUG_INFO = YES;
				ONLY_ACTIVE_ARCH = YES;
				SDKROOT = iphoneos;
				SWIFT_OPTIMIZATION_LEVEL = "-Onone";
			};
			name = Debug;
		};
		B249DF231CAF93020034BB08 /* Release */ = {
			isa = XCBuildConfiguration;
			buildSettings = {
				ALWAYS_SEARCH_USER_PATHS = NO;
				CLANG_ANALYZER_NONNULL = YES;
				CLANG_CXX_LANGUAGE_STANDARD = "gnu++0x";
				CLANG_CXX_LIBRARY = "libc++";
				CLANG_ENABLE_MODULES = YES;
				CLANG_ENABLE_OBJC_ARC = YES;
				CLANG_WARN_BOOL_CONVERSION = YES;
				CLANG_WARN_CONSTANT_CONVERSION = YES;
				CLANG_WARN_DIRECT_OBJC_ISA_USAGE = YES_ERROR;
				CLANG_WARN_EMPTY_BODY = YES;
				CLANG_WARN_ENUM_CONVERSION = YES;
				CLANG_WARN_INT_CONVERSION = YES;
				CLANG_WARN_OBJC_ROOT_CLASS = YES_ERROR;
				CLANG_WARN_UNREACHABLE_CODE = YES;
				CLANG_WARN__DUPLICATE_METHOD_MATCH = YES;
				"CODE_SIGN_IDENTITY[sdk=iphoneos*]" = "iPhone Developer";
				COPY_PHASE_STRIP = NO;
				DEBUG_INFORMATION_FORMAT = "dwarf-with-dsym";
				ENABLE_NS_ASSERTIONS = NO;
				ENABLE_STRICT_OBJC_MSGSEND = YES;
				GCC_C_LANGUAGE_STANDARD = gnu99;
				GCC_NO_COMMON_BLOCKS = YES;
				GCC_WARN_64_TO_32_BIT_CONVERSION = YES;
				GCC_WARN_ABOUT_RETURN_TYPE = YES_ERROR;
				GCC_WARN_UNDECLARED_SELECTOR = YES;
				GCC_WARN_UNINITIALIZED_AUTOS = YES_AGGRESSIVE;
				GCC_WARN_UNUSED_FUNCTION = YES;
				GCC_WARN_UNUSED_VARIABLE = YES;
				IPHONEOS_DEPLOYMENT_TARGET = 9.3;
				MTL_ENABLE_DEBUG_INFO = NO;
				SDKROOT = iphoneos;
				VALIDATE_PRODUCT = YES;
			};
			name = Release;
		};
		B249DF251CAF93020034BB08 /* Debug */ = {
			isa = XCBuildConfiguration;
			buildSettings = {
				ASSETCATALOG_COMPILER_APPICON_NAME = AppIcon;
				INFOPLIST_FILE = TabNavigation/Info.plist;
				LD_RUNPATH_SEARCH_PATHS = "$(inherited) @executable_path/Frameworks";
				PRODUCT_BUNDLE_IDENTIFIER = Johnny.TabNavigation;
				PRODUCT_NAME = "$(TARGET_NAME)";
			};
			name = Debug;
		};
		B249DF261CAF93020034BB08 /* Release */ = {
			isa = XCBuildConfiguration;
			buildSettings = {
				ASSETCATALOG_COMPILER_APPICON_NAME = AppIcon;
				INFOPLIST_FILE = TabNavigation/Info.plist;
				LD_RUNPATH_SEARCH_PATHS = "$(inherited) @executable_path/Frameworks";
				PRODUCT_BUNDLE_IDENTIFIER = Johnny.TabNavigation;
				PRODUCT_NAME = "$(TARGET_NAME)";
			};
			name = Release;
		};
		B249DF281CAF93020034BB08 /* Debug */ = {
			isa = XCBuildConfiguration;
			buildSettings = {
				BUNDLE_LOADER = "$(TEST_HOST)";
				INFOPLIST_FILE = TabNavigationTests/Info.plist;
				LD_RUNPATH_SEARCH_PATHS = "$(inherited) @executable_path/Frameworks @loader_path/Frameworks";
				PRODUCT_BUNDLE_IDENTIFIER = Johnny.TabNavigationTests;
				PRODUCT_NAME = "$(TARGET_NAME)";
				TEST_HOST = "$(BUILT_PRODUCTS_DIR)/TabNavigation.app/TabNavigation";
			};
			name = Debug;
		};
		B249DF291CAF93020034BB08 /* Release */ = {
			isa = XCBuildConfiguration;
			buildSettings = {
				BUNDLE_LOADER = "$(TEST_HOST)";
				INFOPLIST_FILE = TabNavigationTests/Info.plist;
				LD_RUNPATH_SEARCH_PATHS = "$(inherited) @executable_path/Frameworks @loader_path/Frameworks";
				PRODUCT_BUNDLE_IDENTIFIER = Johnny.TabNavigationTests;
				PRODUCT_NAME = "$(TARGET_NAME)";
				TEST_HOST = "$(BUILT_PRODUCTS_DIR)/TabNavigation.app/TabNavigation";
			};
			name = Release;
		};
		B249DF2B1CAF93020034BB08 /* Debug */ = {
			isa = XCBuildConfiguration;
			buildSettings = {
				INFOPLIST_FILE = TabNavigationUITests/Info.plist;
				LD_RUNPATH_SEARCH_PATHS = "$(inherited) @executable_path/Frameworks @loader_path/Frameworks";
				PRODUCT_BUNDLE_IDENTIFIER = Johnny.TabNavigationUITests;
				PRODUCT_NAME = "$(TARGET_NAME)";
				TEST_TARGET_NAME = TabNavigation;
			};
			name = Debug;
		};
		B249DF2C1CAF93020034BB08 /* Release */ = {
			isa = XCBuildConfiguration;
			buildSettings = {
				INFOPLIST_FILE = TabNavigationUITests/Info.plist;
				LD_RUNPATH_SEARCH_PATHS = "$(inherited) @executable_path/Frameworks @loader_path/Frameworks";
				PRODUCT_BUNDLE_IDENTIFIER = Johnny.TabNavigationUITests;
				PRODUCT_NAME = "$(TARGET_NAME)";
				TEST_TARGET_NAME = TabNavigation;
			};
			name = Release;
		};
/* End XCBuildConfiguration section */

/* Begin XCConfigurationList section */
		B249DEF51CAF93010034BB08 /* Build configuration list for PBXProject "TabNavigation" */ = {
			isa = XCConfigurationList;
			buildConfigurations = (
				B249DF221CAF93020034BB08 /* Debug */,
				B249DF231CAF93020034BB08 /* Release */,
			);
			defaultConfigurationIsVisible = 0;
			defaultConfigurationName = Release;
		};
		B249DF241CAF93020034BB08 /* Build configuration list for PBXNativeTarget "TabNavigation" */ = {
			isa = XCConfigurationList;
			buildConfigurations = (
				B249DF251CAF93020034BB08 /* Debug */,
				B249DF261CAF93020034BB08 /* Release */,
			);
			defaultConfigurationIsVisible = 0;
			defaultConfigurationName = Release;
		};
		B249DF271CAF93020034BB08 /* Build configuration list for PBXNativeTarget "TabNavigationTests" */ = {
			isa = XCConfigurationList;
			buildConfigurations = (
				B249DF281CAF93020034BB08 /* Debug */,
				B249DF291CAF93020034BB08 /* Release */,
			);
			defaultConfigurationIsVisible = 0;
			defaultConfigurationName = Release;
		};
		B249DF2A1CAF93020034BB08 /* Build configuration list for PBXNativeTarget "TabNavigationUITests" */ = {
			isa = XCConfigurationList;
			buildConfigurations = (
				B249DF2B1CAF93020034BB08 /* Debug */,
				B249DF2C1CAF93020034BB08 /* Release */,
			);
			defaultConfigurationIsVisible = 0;
			defaultConfigurationName = Release;
		};
/* End XCConfigurationList section */
	};
	rootObject = B249DEF21CAF93010034BB08 /* Project object */;
}
